// !$*UTF8*$!
{
	archiveVersion = 1;
	classes = {
	};
	objectVersion = 46;
	objects = {

/* Begin PBXBuildFile section */
		1CF25ACB1EF2A783003102F9 /* AppDelegate.m in Sources */ = {isa = PBXBuildFile; fileRef = 1CF25AC81EF2A783003102F9 /* AppDelegate.m */; };
		3F72D5BB1EF271AC00EA725C /* main.m in Sources */ = {isa = PBXBuildFile; fileRef = 3F72D5BA1EF271AC00EA725C /* main.m */; };
		3F72D5C61EF271AD00EA725C /* Assets.xcassets in Resources */ = {isa = PBXBuildFile; fileRef = 3F72D5C51EF271AD00EA725C /* Assets.xcassets */; };
		3F72D5C91EF271AD00EA725C /* LaunchScreen.storyboard in Resources */ = {isa = PBXBuildFile; fileRef = 3F72D5C71EF271AD00EA725C /* LaunchScreen.storyboard */; };
		3F72D5D41EF271AD00EA725C /* STMusicPlayerTests.m in Sources */ = {isa = PBXBuildFile; fileRef = 3F72D5D31EF271AD00EA725C /* STMusicPlayerTests.m */; };
		3F72D5DF1EF271AD00EA725C /* STMusicPlayerUITests.m in Sources */ = {isa = PBXBuildFile; fileRef = 3F72D5DE1EF271AD00EA725C /* STMusicPlayerUITests.m */; };
		3F865CEB1EF76248008AC682 /* NSObject+RBAddVar.m in Sources */ = {isa = PBXBuildFile; fileRef = 3F865CC31EF76248008AC682 /* NSObject+RBAddVar.m */; };
		3F865CEC1EF76248008AC682 /* UIImage+RBAdd.m in Sources */ = {isa = PBXBuildFile; fileRef = 3F865CC51EF76248008AC682 /* UIImage+RBAdd.m */; };
		3F865CED1EF76248008AC682 /* UINavigationController+RBHideBottomBar.m in Sources */ = {isa = PBXBuildFile; fileRef = 3F865CC71EF76248008AC682 /* UINavigationController+RBHideBottomBar.m */; };
		3F865CEE1EF76248008AC682 /* UIView+RBAdd.m in Sources */ = {isa = PBXBuildFile; fileRef = 3F865CC91EF76248008AC682 /* UIView+RBAdd.m */; };
		3F865CEF1EF76248008AC682 /* RBAppDelegateHelper.m in Sources */ = {isa = PBXBuildFile; fileRef = 3F865CCC1EF76248008AC682 /* RBAppDelegateHelper.m */; };
		3F865CF01EF76248008AC682 /* RBKeyConfig.m in Sources */ = {isa = PBXBuildFile; fileRef = 3F865CCE1EF76248008AC682 /* RBKeyConfig.m */; };
		3F865CF11EF76248008AC682 /* RBSignInManager.m in Sources */ = {isa = PBXBuildFile; fileRef = 3F865CD01EF76248008AC682 /* RBSignInManager.m */; };
		3F865CF21EF76248008AC682 /* RBThemeConfig.m in Sources */ = {isa = PBXBuildFile; fileRef = 3F865CD21EF76248008AC682 /* RBThemeConfig.m */; };
		3F865CF31EF76248008AC682 /* RBDefine.m in Sources */ = {isa = PBXBuildFile; fileRef = 3F865CD61EF76248008AC682 /* RBDefine.m */; };
		3F865CF41EF76248008AC682 /* RBCellModel.m in Sources */ = {isa = PBXBuildFile; fileRef = 3F865CD91EF76248008AC682 /* RBCellModel.m */; };
		3F865CF51EF76248008AC682 /* RBGroupModel.m in Sources */ = {isa = PBXBuildFile; fileRef = 3F865CDB1EF76248008AC682 /* RBGroupModel.m */; };
		3F865CF61EF76248008AC682 /* RBPersistence.m in Sources */ = {isa = PBXBuildFile; fileRef = 3F865CDF1EF76248008AC682 /* RBPersistence.m */; };
		3F865CF71EF76248008AC682 /* RBBinder.m in Sources */ = {isa = PBXBuildFile; fileRef = 3F865CE21EF76248008AC682 /* RBBinder.m */; };
		3F865CF81EF76248008AC682 /* RBTabBarButton.m in Sources */ = {isa = PBXBuildFile; fileRef = 3F865CE51EF76248008AC682 /* RBTabBarButton.m */; };
		3F865CF91EF76248008AC682 /* RBTimerButton.m in Sources */ = {isa = PBXBuildFile; fileRef = 3F865CE71EF76248008AC682 /* RBTimerButton.m */; };
		3F865CFA1EF76248008AC682 /* RBTabBarController.m in Sources */ = {isa = PBXBuildFile; fileRef = 3F865CEA1EF76248008AC682 /* RBTabBarController.m */; };
		3F865D1F1EF7641B008AC682 /* STDiscoveryVC.m in Sources */ = {isa = PBXBuildFile; fileRef = 3F865D1E1EF7641B008AC682 /* STDiscoveryVC.m */; };
		3F865D221EF76427008AC682 /* STAccountVC.m in Sources */ = {isa = PBXBuildFile; fileRef = 3F865D211EF76427008AC682 /* STAccountVC.m */; };
		3F865D291EF764C7008AC682 /* feature_0.jpeg in Resources */ = {isa = PBXBuildFile; fileRef = 3F865D241EF764C7008AC682 /* feature_0.jpeg */; };
		3F865D2A1EF764C7008AC682 /* feature_1.jpeg in Resources */ = {isa = PBXBuildFile; fileRef = 3F865D251EF764C7008AC682 /* feature_1.jpeg */; };
		3F865D2B1EF764C7008AC682 /* feature_2.jpeg in Resources */ = {isa = PBXBuildFile; fileRef = 3F865D261EF764C7008AC682 /* feature_2.jpeg */; };
		3F865D2C1EF764C7008AC682 /* feature_3.jpeg in Resources */ = {isa = PBXBuildFile; fileRef = 3F865D271EF764C7008AC682 /* feature_3.jpeg */; };
		3F865D301EF764F8008AC682 /* TabBarIcon.xcassets in Resources */ = {isa = PBXBuildFile; fileRef = 3F865D2F1EF764F8008AC682 /* TabBarIcon.xcassets */; };
		3F865D531EF7674E008AC682 /* RBFeatureView.m in Sources */ = {isa = PBXBuildFile; fileRef = 3F865D3D1EF7674E008AC682 /* RBFeatureView.m */; };
		3F865D541EF7674E008AC682 /* RBRetrievePasswordVC.m in Sources */ = {isa = PBXBuildFile; fileRef = 3F865D441EF7674E008AC682 /* RBRetrievePasswordVC.m */; };
		3F865D551EF7674E008AC682 /* RBTextView.m in Sources */ = {isa = PBXBuildFile; fileRef = 3F865D491EF7674E008AC682 /* RBTextView.m */; };
		3F865D561EF7674E008AC682 /* RBSignInVC.m in Sources */ = {isa = PBXBuildFile; fileRef = 3F865D4C1EF7674E008AC682 /* RBSignInVC.m */; };
		3F865D571EF7674E008AC682 /* RBSignUpVC.m in Sources */ = {isa = PBXBuildFile; fileRef = 3F865D521EF7674E008AC682 /* RBSignUpVC.m */; };
		3F865D5A1EF76876008AC682 /* STMessageVC.m in Sources */ = {isa = PBXBuildFile; fileRef = 3F865D591EF76876008AC682 /* STMessageVC.m */; };
		3F865D611EF79D1D008AC682 /* STMusicPlayerVC.m in Sources */ = {isa = PBXBuildFile; fileRef = 3F865D601EF79D1D008AC682 /* STMusicPlayerVC.m */; };
		3F865D661EF7AA48008AC682 /* RBSlider.m in Sources */ = {isa = PBXBuildFile; fileRef = 3F865D651EF7AA48008AC682 /* RBSlider.m */; };
		48E3282BF3D294935D8E1FC4 /* libPods-STMusicPlayer.a in Frameworks */ = {isa = PBXBuildFile; fileRef = 100C361950B6FA35C999F732 /* libPods-STMusicPlayer.a */; };
/* End PBXBuildFile section */

/* Begin PBXContainerItemProxy section */
		3F72D5D01EF271AD00EA725C /* PBXContainerItemProxy */ = {
			isa = PBXContainerItemProxy;
			containerPortal = 3F72D5AE1EF271AC00EA725C /* Project object */;
			proxyType = 1;
			remoteGlobalIDString = 3F72D5B51EF271AC00EA725C;
			remoteInfo = STMusicPlayer;
		};
		3F72D5DB1EF271AD00EA725C /* PBXContainerItemProxy */ = {
			isa = PBXContainerItemProxy;
			containerPortal = 3F72D5AE1EF271AC00EA725C /* Project object */;
			proxyType = 1;
			remoteGlobalIDString = 3F72D5B51EF271AC00EA725C;
			remoteInfo = STMusicPlayer;
		};
/* End PBXContainerItemProxy section */

/* Begin PBXFileReference section */
		100C361950B6FA35C999F732 /* libPods-STMusicPlayer.a */ = {isa = PBXFileReference; explicitFileType = archive.ar; includeInIndex = 0; path = "libPods-STMusicPlayer.a"; sourceTree = BUILT_PRODUCTS_DIR; };
		1CF25AC71EF2A783003102F9 /* AppDelegate.h */ = {isa = PBXFileReference; fileEncoding = 4; lastKnownFileType = sourcecode.c.h; path = AppDelegate.h; sourceTree = "<group>"; };
		1CF25AC81EF2A783003102F9 /* AppDelegate.m */ = {isa = PBXFileReference; fileEncoding = 4; lastKnownFileType = sourcecode.c.objc; path = AppDelegate.m; sourceTree = "<group>"; };
		2E7F7A7D879E7F302B122B6A /* Pods-STMusicPlayer.debug.xcconfig */ = {isa = PBXFileReference; includeInIndex = 1; lastKnownFileType = text.xcconfig; name = "Pods-STMusicPlayer.debug.xcconfig"; path = "Pods/Target Support Files/Pods-STMusicPlayer/Pods-STMusicPlayer.debug.xcconfig"; sourceTree = "<group>"; };
		3F72D5B61EF271AC00EA725C /* STMusicPlayer.app */ = {isa = PBXFileReference; explicitFileType = wrapper.application; includeInIndex = 0; path = STMusicPlayer.app; sourceTree = BUILT_PRODUCTS_DIR; };
		3F72D5BA1EF271AC00EA725C /* main.m */ = {isa = PBXFileReference; lastKnownFileType = sourcecode.c.objc; path = main.m; sourceTree = "<group>"; };
		3F72D5C51EF271AD00EA725C /* Assets.xcassets */ = {isa = PBXFileReference; lastKnownFileType = folder.assetcatalog; path = Assets.xcassets; sourceTree = "<group>"; };
		3F72D5C81EF271AD00EA725C /* Base */ = {isa = PBXFileReference; lastKnownFileType = file.storyboard; name = Base; path = Base.lproj/LaunchScreen.storyboard; sourceTree = "<group>"; };
		3F72D5CA1EF271AD00EA725C /* Info.plist */ = {isa = PBXFileReference; lastKnownFileType = text.plist.xml; path = Info.plist; sourceTree = "<group>"; };
		3F72D5CF1EF271AD00EA725C /* STMusicPlayerTests.xctest */ = {isa = PBXFileReference; explicitFileType = wrapper.cfbundle; includeInIndex = 0; path = STMusicPlayerTests.xctest; sourceTree = BUILT_PRODUCTS_DIR; };
		3F72D5D31EF271AD00EA725C /* STMusicPlayerTests.m */ = {isa = PBXFileReference; lastKnownFileType = sourcecode.c.objc; path = STMusicPlayerTests.m; sourceTree = "<group>"; };
		3F72D5D51EF271AD00EA725C /* Info.plist */ = {isa = PBXFileReference; lastKnownFileType = text.plist.xml; path = Info.plist; sourceTree = "<group>"; };
		3F72D5DA1EF271AD00EA725C /* STMusicPlayerUITests.xctest */ = {isa = PBXFileReference; explicitFileType = wrapper.cfbundle; includeInIndex = 0; path = STMusicPlayerUITests.xctest; sourceTree = BUILT_PRODUCTS_DIR; };
		3F72D5DE1EF271AD00EA725C /* STMusicPlayerUITests.m */ = {isa = PBXFileReference; lastKnownFileType = sourcecode.c.objc; path = STMusicPlayerUITests.m; sourceTree = "<group>"; };
		3F72D5E01EF271AD00EA725C /* Info.plist */ = {isa = PBXFileReference; lastKnownFileType = text.plist.xml; path = Info.plist; sourceTree = "<group>"; };
		3F865CC21EF76248008AC682 /* NSObject+RBAddVar.h */ = {isa = PBXFileReference; fileEncoding = 4; lastKnownFileType = sourcecode.c.h; path = "NSObject+RBAddVar.h"; sourceTree = "<group>"; };
		3F865CC31EF76248008AC682 /* NSObject+RBAddVar.m */ = {isa = PBXFileReference; fileEncoding = 4; lastKnownFileType = sourcecode.c.objc; path = "NSObject+RBAddVar.m"; sourceTree = "<group>"; };
		3F865CC41EF76248008AC682 /* UIImage+RBAdd.h */ = {isa = PBXFileReference; fileEncoding = 4; lastKnownFileType = sourcecode.c.h; path = "UIImage+RBAdd.h"; sourceTree = "<group>"; };
		3F865CC51EF76248008AC682 /* UIImage+RBAdd.m */ = {isa = PBXFileReference; fileEncoding = 4; lastKnownFileType = sourcecode.c.objc; path = "UIImage+RBAdd.m"; sourceTree = "<group>"; };
		3F865CC61EF76248008AC682 /* UINavigationController+RBHideBottomBar.h */ = {isa = PBXFileReference; fileEncoding = 4; lastKnownFileType = sourcecode.c.h; path = "UINavigationController+RBHideBottomBar.h"; sourceTree = "<group>"; };
		3F865CC71EF76248008AC682 /* UINavigationController+RBHideBottomBar.m */ = {isa = PBXFileReference; fileEncoding = 4; lastKnownFileType = sourcecode.c.objc; path = "UINavigationController+RBHideBottomBar.m"; sourceTree = "<group>"; };
		3F865CC81EF76248008AC682 /* UIView+RBAdd.h */ = {isa = PBXFileReference; fileEncoding = 4; lastKnownFileType = sourcecode.c.h; path = "UIView+RBAdd.h"; sourceTree = "<group>"; };
		3F865CC91EF76248008AC682 /* UIView+RBAdd.m */ = {isa = PBXFileReference; fileEncoding = 4; lastKnownFileType = sourcecode.c.objc; path = "UIView+RBAdd.m"; sourceTree = "<group>"; };
		3F865CCB1EF76248008AC682 /* RBAppDelegateHelper.h */ = {isa = PBXFileReference; fileEncoding = 4; lastKnownFileType = sourcecode.c.h; path = RBAppDelegateHelper.h; sourceTree = "<group>"; };
		3F865CCC1EF76248008AC682 /* RBAppDelegateHelper.m */ = {isa = PBXFileReference; fileEncoding = 4; lastKnownFileType = sourcecode.c.objc; path = RBAppDelegateHelper.m; sourceTree = "<group>"; };
		3F865CCD1EF76248008AC682 /* RBKeyConfig.h */ = {isa = PBXFileReference; fileEncoding = 4; lastKnownFileType = sourcecode.c.h; path = RBKeyConfig.h; sourceTree = "<group>"; };
		3F865CCE1EF76248008AC682 /* RBKeyConfig.m */ = {isa = PBXFileReference; fileEncoding = 4; lastKnownFileType = sourcecode.c.objc; path = RBKeyConfig.m; sourceTree = "<group>"; };
		3F865CCF1EF76248008AC682 /* RBSignInManager.h */ = {isa = PBXFileReference; fileEncoding = 4; lastKnownFileType = sourcecode.c.h; path = RBSignInManager.h; sourceTree = "<group>"; };
		3F865CD01EF76248008AC682 /* RBSignInManager.m */ = {isa = PBXFileReference; fileEncoding = 4; lastKnownFileType = sourcecode.c.objc; path = RBSignInManager.m; sourceTree = "<group>"; };
		3F865CD11EF76248008AC682 /* RBThemeConfig.h */ = {isa = PBXFileReference; fileEncoding = 4; lastKnownFileType = sourcecode.c.h; path = RBThemeConfig.h; sourceTree = "<group>"; };
		3F865CD21EF76248008AC682 /* RBThemeConfig.m */ = {isa = PBXFileReference; fileEncoding = 4; lastKnownFileType = sourcecode.c.objc; path = RBThemeConfig.m; sourceTree = "<group>"; };
		3F865CD51EF76248008AC682 /* RBDefine.h */ = {isa = PBXFileReference; fileEncoding = 4; lastKnownFileType = sourcecode.c.h; path = RBDefine.h; sourceTree = "<group>"; };
		3F865CD61EF76248008AC682 /* RBDefine.m */ = {isa = PBXFileReference; fileEncoding = 4; lastKnownFileType = sourcecode.c.objc; path = RBDefine.m; sourceTree = "<group>"; };
		3F865CD81EF76248008AC682 /* RBCellModel.h */ = {isa = PBXFileReference; fileEncoding = 4; lastKnownFileType = sourcecode.c.h; path = RBCellModel.h; sourceTree = "<group>"; };
		3F865CD91EF76248008AC682 /* RBCellModel.m */ = {isa = PBXFileReference; fileEncoding = 4; lastKnownFileType = sourcecode.c.objc; path = RBCellModel.m; sourceTree = "<group>"; };
		3F865CDA1EF76248008AC682 /* RBGroupModel.h */ = {isa = PBXFileReference; fileEncoding = 4; lastKnownFileType = sourcecode.c.h; path = RBGroupModel.h; sourceTree = "<group>"; };
		3F865CDB1EF76248008AC682 /* RBGroupModel.m */ = {isa = PBXFileReference; fileEncoding = 4; lastKnownFileType = sourcecode.c.objc; path = RBGroupModel.m; sourceTree = "<group>"; };
		3F865CDE1EF76248008AC682 /* RBPersistence.h */ = {isa = PBXFileReference; fileEncoding = 4; lastKnownFileType = sourcecode.c.h; path = RBPersistence.h; sourceTree = "<group>"; };
		3F865CDF1EF76248008AC682 /* RBPersistence.m */ = {isa = PBXFileReference; fileEncoding = 4; lastKnownFileType = sourcecode.c.objc; path = RBPersistence.m; sourceTree = "<group>"; };
		3F865CE11EF76248008AC682 /* RBBinder.h */ = {isa = PBXFileReference; fileEncoding = 4; lastKnownFileType = sourcecode.c.h; path = RBBinder.h; sourceTree = "<group>"; };
		3F865CE21EF76248008AC682 /* RBBinder.m */ = {isa = PBXFileReference; fileEncoding = 4; lastKnownFileType = sourcecode.c.objc; path = RBBinder.m; sourceTree = "<group>"; };
		3F865CE41EF76248008AC682 /* RBTabBarButton.h */ = {isa = PBXFileReference; fileEncoding = 4; lastKnownFileType = sourcecode.c.h; path = RBTabBarButton.h; sourceTree = "<group>"; };
		3F865CE51EF76248008AC682 /* RBTabBarButton.m */ = {isa = PBXFileReference; fileEncoding = 4; lastKnownFileType = sourcecode.c.objc; path = RBTabBarButton.m; sourceTree = "<group>"; };
		3F865CE61EF76248008AC682 /* RBTimerButton.h */ = {isa = PBXFileReference; fileEncoding = 4; lastKnownFileType = sourcecode.c.h; path = RBTimerButton.h; sourceTree = "<group>"; };
		3F865CE71EF76248008AC682 /* RBTimerButton.m */ = {isa = PBXFileReference; fileEncoding = 4; lastKnownFileType = sourcecode.c.objc; path = RBTimerButton.m; sourceTree = "<group>"; };
		3F865CE91EF76248008AC682 /* RBTabBarController.h */ = {isa = PBXFileReference; fileEncoding = 4; lastKnownFileType = sourcecode.c.h; path = RBTabBarController.h; sourceTree = "<group>"; };
		3F865CEA1EF76248008AC682 /* RBTabBarController.m */ = {isa = PBXFileReference; fileEncoding = 4; lastKnownFileType = sourcecode.c.objc; path = RBTabBarController.m; sourceTree = "<group>"; };
		3F865D1D1EF7641B008AC682 /* STDiscoveryVC.h */ = {isa = PBXFileReference; fileEncoding = 4; lastKnownFileType = sourcecode.c.h; path = STDiscoveryVC.h; sourceTree = "<group>"; };
		3F865D1E1EF7641B008AC682 /* STDiscoveryVC.m */ = {isa = PBXFileReference; fileEncoding = 4; lastKnownFileType = sourcecode.c.objc; path = STDiscoveryVC.m; sourceTree = "<group>"; };
		3F865D201EF76427008AC682 /* STAccountVC.h */ = {isa = PBXFileReference; fileEncoding = 4; lastKnownFileType = sourcecode.c.h; path = STAccountVC.h; sourceTree = "<group>"; };
		3F865D211EF76427008AC682 /* STAccountVC.m */ = {isa = PBXFileReference; fileEncoding = 4; lastKnownFileType = sourcecode.c.objc; path = STAccountVC.m; sourceTree = "<group>"; };
		3F865D241EF764C7008AC682 /* feature_0.jpeg */ = {isa = PBXFileReference; lastKnownFileType = image.jpeg; path = feature_0.jpeg; sourceTree = "<group>"; };
		3F865D251EF764C7008AC682 /* feature_1.jpeg */ = {isa = PBXFileReference; lastKnownFileType = image.jpeg; path = feature_1.jpeg; sourceTree = "<group>"; };
		3F865D261EF764C7008AC682 /* feature_2.jpeg */ = {isa = PBXFileReference; lastKnownFileType = image.jpeg; path = feature_2.jpeg; sourceTree = "<group>"; };
		3F865D271EF764C7008AC682 /* feature_3.jpeg */ = {isa = PBXFileReference; lastKnownFileType = image.jpeg; path = feature_3.jpeg; sourceTree = "<group>"; };
		3F865D2F1EF764F8008AC682 /* TabBarIcon.xcassets */ = {isa = PBXFileReference; lastKnownFileType = folder.assetcatalog; path = TabBarIcon.xcassets; sourceTree = "<group>"; };
		3F865D3C1EF7674E008AC682 /* RBFeatureView.h */ = {isa = PBXFileReference; fileEncoding = 4; lastKnownFileType = sourcecode.c.h; path = RBFeatureView.h; sourceTree = "<group>"; };
		3F865D3D1EF7674E008AC682 /* RBFeatureView.m */ = {isa = PBXFileReference; fileEncoding = 4; lastKnownFileType = sourcecode.c.objc; path = RBFeatureView.m; sourceTree = "<group>"; };
		3F865D431EF7674E008AC682 /* RBRetrievePasswordVC.h */ = {isa = PBXFileReference; fileEncoding = 4; lastKnownFileType = sourcecode.c.h; path = RBRetrievePasswordVC.h; sourceTree = "<group>"; };
		3F865D441EF7674E008AC682 /* RBRetrievePasswordVC.m */ = {isa = PBXFileReference; fileEncoding = 4; lastKnownFileType = sourcecode.c.objc; path = RBRetrievePasswordVC.m; sourceTree = "<group>"; };
		3F865D481EF7674E008AC682 /* RBTextView.h */ = {isa = PBXFileReference; fileEncoding = 4; lastKnownFileType = sourcecode.c.h; path = RBTextView.h; sourceTree = "<group>"; };
		3F865D491EF7674E008AC682 /* RBTextView.m */ = {isa = PBXFileReference; fileEncoding = 4; lastKnownFileType = sourcecode.c.objc; path = RBTextView.m; sourceTree = "<group>"; };
		3F865D4B1EF7674E008AC682 /* RBSignInVC.h */ = {isa = PBXFileReference; fileEncoding = 4; lastKnownFileType = sourcecode.c.h; path = RBSignInVC.h; sourceTree = "<group>"; };
		3F865D4C1EF7674E008AC682 /* RBSignInVC.m */ = {isa = PBXFileReference; fileEncoding = 4; lastKnownFileType = sourcecode.c.objc; path = RBSignInVC.m; sourceTree = "<group>"; };
		3F865D511EF7674E008AC682 /* RBSignUpVC.h */ = {isa = PBXFileReference; fileEncoding = 4; lastKnownFileType = sourcecode.c.h; path = RBSignUpVC.h; sourceTree = "<group>"; };
		3F865D521EF7674E008AC682 /* RBSignUpVC.m */ = {isa = PBXFileReference; fileEncoding = 4; lastKnownFileType = sourcecode.c.objc; path = RBSignUpVC.m; sourceTree = "<group>"; };
		3F865D581EF76876008AC682 /* STMessageVC.h */ = {isa = PBXFileReference; fileEncoding = 4; lastKnownFileType = sourcecode.c.h; path = STMessageVC.h; sourceTree = "<group>"; };
		3F865D591EF76876008AC682 /* STMessageVC.m */ = {isa = PBXFileReference; fileEncoding = 4; lastKnownFileType = sourcecode.c.objc; path = STMessageVC.m; sourceTree = "<group>"; };
		3F865D5F1EF79D1D008AC682 /* STMusicPlayerVC.h */ = {isa = PBXFileReference; fileEncoding = 4; lastKnownFileType = sourcecode.c.h; path = STMusicPlayerVC.h; sourceTree = "<group>"; };
		3F865D601EF79D1D008AC682 /* STMusicPlayerVC.m */ = {isa = PBXFileReference; fileEncoding = 4; lastKnownFileType = sourcecode.c.objc; path = STMusicPlayerVC.m; sourceTree = "<group>"; };
		3F865D641EF7AA48008AC682 /* RBSlider.h */ = {isa = PBXFileReference; fileEncoding = 4; lastKnownFileType = sourcecode.c.h; path = RBSlider.h; sourceTree = "<group>"; };
		3F865D651EF7AA48008AC682 /* RBSlider.m */ = {isa = PBXFileReference; fileEncoding = 4; lastKnownFileType = sourcecode.c.objc; path = RBSlider.m; sourceTree = "<group>"; };
		40C2D06553225219A0A71294 /* Pods-STMusicPlayer.release.xcconfig */ = {isa = PBXFileReference; includeInIndex = 1; lastKnownFileType = text.xcconfig; name = "Pods-STMusicPlayer.release.xcconfig"; path = "Pods/Target Support Files/Pods-STMusicPlayer/Pods-STMusicPlayer.release.xcconfig"; sourceTree = "<group>"; };
/* End PBXFileReference section */

/* Begin PBXFrameworksBuildPhase section */
		3F72D5B31EF271AC00EA725C /* Frameworks */ = {
			isa = PBXFrameworksBuildPhase;
			buildActionMask = 2147483647;
			files = (
				48E3282BF3D294935D8E1FC4 /* libPods-STMusicPlayer.a in Frameworks */,
			);
			runOnlyForDeploymentPostprocessing = 0;
		};
		3F72D5CC1EF271AD00EA725C /* Frameworks */ = {
			isa = PBXFrameworksBuildPhase;
			buildActionMask = 2147483647;
			files = (
			);
			runOnlyForDeploymentPostprocessing = 0;
		};
		3F72D5D71EF271AD00EA725C /* Frameworks */ = {
			isa = PBXFrameworksBuildPhase;
			buildActionMask = 2147483647;
			files = (
			);
			runOnlyForDeploymentPostprocessing = 0;
		};
/* End PBXFrameworksBuildPhase section */

/* Begin PBXGroup section */
		1C30BA504C46EE4A72BC7338 /* Frameworks */ = {
			isa = PBXGroup;
			children = (
				100C361950B6FA35C999F732 /* libPods-STMusicPlayer.a */,
			);
			name = Frameworks;
			sourceTree = "<group>";
		};
		1CF25AC61EF2A770003102F9 /* Classes */ = {
			isa = PBXGroup;
			children = (
				3F865CA61EF760A1008AC682 /* Framework */,
				3F865CA71EF760A1008AC682 /* General */,
				3F865CA81EF760A1008AC682 /* Section */,
				1CF25AC71EF2A783003102F9 /* AppDelegate.h */,
				1CF25AC81EF2A783003102F9 /* AppDelegate.m */,
			);
			path = Classes;
			sourceTree = "<group>";
		};
		3F72D5AD1EF271AC00EA725C = {
			isa = PBXGroup;
			children = (
				3F72D5B81EF271AC00EA725C /* STMusicPlayer */,
				3F72D5D21EF271AD00EA725C /* STMusicPlayerTests */,
				3F72D5DD1EF271AD00EA725C /* STMusicPlayerUITests */,
				3F72D5B71EF271AC00EA725C /* Products */,
				AFAE6B2D72DCD20B844CB631 /* Pods */,
				1C30BA504C46EE4A72BC7338 /* Frameworks */,
			);
			sourceTree = "<group>";
		};
		3F72D5B71EF271AC00EA725C /* Products */ = {
			isa = PBXGroup;
			children = (
				3F72D5B61EF271AC00EA725C /* STMusicPlayer.app */,
				3F72D5CF1EF271AD00EA725C /* STMusicPlayerTests.xctest */,
				3F72D5DA1EF271AD00EA725C /* STMusicPlayerUITests.xctest */,
			);
			name = Products;
			sourceTree = "<group>";
		};
		3F72D5B81EF271AC00EA725C /* STMusicPlayer */ = {
			isa = PBXGroup;
			children = (
				1CF25AC61EF2A770003102F9 /* Classes */,
				3F865CA51EF76097008AC682 /* Resource */,
				3F72D5B91EF271AC00EA725C /* Supporting Files */,
			);
			path = STMusicPlayer;
			sourceTree = "<group>";
		};
		3F72D5B91EF271AC00EA725C /* Supporting Files */ = {
			isa = PBXGroup;
			children = (
				3F72D5BA1EF271AC00EA725C /* main.m */,
				3F72D5C51EF271AD00EA725C /* Assets.xcassets */,
				3F72D5C71EF271AD00EA725C /* LaunchScreen.storyboard */,
				3F72D5CA1EF271AD00EA725C /* Info.plist */,
			);
			name = "Supporting Files";
			sourceTree = "<group>";
		};
		3F72D5D21EF271AD00EA725C /* STMusicPlayerTests */ = {
			isa = PBXGroup;
			children = (
				3F72D5D31EF271AD00EA725C /* STMusicPlayerTests.m */,
				3F72D5D51EF271AD00EA725C /* Info.plist */,
			);
			path = STMusicPlayerTests;
			sourceTree = "<group>";
		};
		3F72D5DD1EF271AD00EA725C /* STMusicPlayerUITests */ = {
			isa = PBXGroup;
			children = (
				3F72D5DE1EF271AD00EA725C /* STMusicPlayerUITests.m */,
				3F72D5E01EF271AD00EA725C /* Info.plist */,
			);
			path = STMusicPlayerUITests;
			sourceTree = "<group>";
		};
		3F865CA51EF76097008AC682 /* Resource */ = {
			isa = PBXGroup;
			children = (
				3F865CA91EF7619C008AC682 /* Image */,
				3F865CAA1EF7619C008AC682 /* Library */,
				3F865CAB1EF7619C008AC682 /* Sound */,
				3F865CAC1EF7619C008AC682 /* Vendor */,
			);
			path = Resource;
			sourceTree = "<group>";
		};
		3F865CA61EF760A1008AC682 /* Framework */ = {
			isa = PBXGroup;
			children = (
			);
			path = Framework;
			sourceTree = "<group>";
		};
		3F865CA71EF760A1008AC682 /* General */ = {
			isa = PBXGroup;
			children = (
				3F865CC11EF76248008AC682 /* Category */,
				3F865CCA1EF76248008AC682 /* Config */,
				3F865CD31EF76248008AC682 /* Const */,
				3F865CD41EF76248008AC682 /* Macro */,
				3F865CD71EF76248008AC682 /* Model */,
				3F865CDC1EF76248008AC682 /* Network */,
				3F865CDD1EF76248008AC682 /* Persistent */,
				3F865CE01EF76248008AC682 /* Utils */,
				3F865CE31EF76248008AC682 /* View */,
				3F865CE81EF76248008AC682 /* ViewController */,
			);
			path = General;
			sourceTree = "<group>";
		};
		3F865CA81EF760A1008AC682 /* Section */ = {
			isa = PBXGroup;
			children = (
				3F865D5B1EF79CD8008AC682 /* MusicPlayer */,
				3F865D351EF76640008AC682 /* SignIn&SignUp */,
				3F865D311EF765AC008AC682 /* Message */,
				3F865D031EF763D5008AC682 /* Account */,
				3F865D071EF763D5008AC682 /* Discovery */,
			);
			path = Section;
			sourceTree = "<group>";
		};
		3F865CA91EF7619C008AC682 /* Image */ = {
			isa = PBXGroup;
			children = (
				3F865D231EF764C7008AC682 /* NewFeature */,
				3F865D281EF764C7008AC682 /* TabBarIcon */,
			);
			path = Image;
			sourceTree = "<group>";
		};
		3F865CAA1EF7619C008AC682 /* Library */ = {
			isa = PBXGroup;
			children = (
			);
			path = Library;
			sourceTree = "<group>";
		};
		3F865CAB1EF7619C008AC682 /* Sound */ = {
			isa = PBXGroup;
			children = (
			);
			path = Sound;
			sourceTree = "<group>";
		};
		3F865CAC1EF7619C008AC682 /* Vendor */ = {
			isa = PBXGroup;
			children = (
			);
			path = Vendor;
			sourceTree = "<group>";
		};
		3F865CC11EF76248008AC682 /* Category */ = {
			isa = PBXGroup;
			children = (
				3F865CC21EF76248008AC682 /* NSObject+RBAddVar.h */,
				3F865CC31EF76248008AC682 /* NSObject+RBAddVar.m */,
				3F865CC41EF76248008AC682 /* UIImage+RBAdd.h */,
				3F865CC51EF76248008AC682 /* UIImage+RBAdd.m */,
				3F865CC61EF76248008AC682 /* UINavigationController+RBHideBottomBar.h */,
				3F865CC71EF76248008AC682 /* UINavigationController+RBHideBottomBar.m */,
				3F865CC81EF76248008AC682 /* UIView+RBAdd.h */,
				3F865CC91EF76248008AC682 /* UIView+RBAdd.m */,
			);
			path = Category;
			sourceTree = "<group>";
		};
		3F865CCA1EF76248008AC682 /* Config */ = {
			isa = PBXGroup;
			children = (
				3F865CCB1EF76248008AC682 /* RBAppDelegateHelper.h */,
				3F865CCC1EF76248008AC682 /* RBAppDelegateHelper.m */,
				3F865CCD1EF76248008AC682 /* RBKeyConfig.h */,
				3F865CCE1EF76248008AC682 /* RBKeyConfig.m */,
				3F865CCF1EF76248008AC682 /* RBSignInManager.h */,
				3F865CD01EF76248008AC682 /* RBSignInManager.m */,
				3F865CD11EF76248008AC682 /* RBThemeConfig.h */,
				3F865CD21EF76248008AC682 /* RBThemeConfig.m */,
			);
			path = Config;
			sourceTree = "<group>";
		};
		3F865CD31EF76248008AC682 /* Const */ = {
			isa = PBXGroup;
			children = (
			);
			path = Const;
			sourceTree = "<group>";
		};
		3F865CD41EF76248008AC682 /* Macro */ = {
			isa = PBXGroup;
			children = (
				3F865CD51EF76248008AC682 /* RBDefine.h */,
				3F865CD61EF76248008AC682 /* RBDefine.m */,
			);
			path = Macro;
			sourceTree = "<group>";
		};
		3F865CD71EF76248008AC682 /* Model */ = {
			isa = PBXGroup;
			children = (
				3F865CD81EF76248008AC682 /* RBCellModel.h */,
				3F865CD91EF76248008AC682 /* RBCellModel.m */,
				3F865CDA1EF76248008AC682 /* RBGroupModel.h */,
				3F865CDB1EF76248008AC682 /* RBGroupModel.m */,
			);
			path = Model;
			sourceTree = "<group>";
		};
		3F865CDC1EF76248008AC682 /* Network */ = {
			isa = PBXGroup;
			children = (
			);
			path = Network;
			sourceTree = "<group>";
		};
		3F865CDD1EF76248008AC682 /* Persistent */ = {
			isa = PBXGroup;
			children = (
				3F865CDE1EF76248008AC682 /* RBPersistence.h */,
				3F865CDF1EF76248008AC682 /* RBPersistence.m */,
			);
			path = Persistent;
			sourceTree = "<group>";
		};
		3F865CE01EF76248008AC682 /* Utils */ = {
			isa = PBXGroup;
			children = (
				3F865CE11EF76248008AC682 /* RBBinder.h */,
				3F865CE21EF76248008AC682 /* RBBinder.m */,
			);
			path = Utils;
			sourceTree = "<group>";
		};
		3F865CE31EF76248008AC682 /* View */ = {
			isa = PBXGroup;
			children = (
				3F865CE41EF76248008AC682 /* RBTabBarButton.h */,
				3F865CE51EF76248008AC682 /* RBTabBarButton.m */,
				3F865CE61EF76248008AC682 /* RBTimerButton.h */,
				3F865CE71EF76248008AC682 /* RBTimerButton.m */,
			);
			path = View;
			sourceTree = "<group>";
		};
		3F865CE81EF76248008AC682 /* ViewController */ = {
			isa = PBXGroup;
			children = (
				3F865CE91EF76248008AC682 /* RBTabBarController.h */,
				3F865CEA1EF76248008AC682 /* RBTabBarController.m */,
			);
			path = ViewController;
			sourceTree = "<group>";
		};
		3F865D031EF763D5008AC682 /* Account */ = {
			isa = PBXGroup;
			children = (
				3F865D041EF763D5008AC682 /* Model */,
				3F865D051EF763D5008AC682 /* View */,
				3F865D061EF763D5008AC682 /* ViewController */,
			);
			path = Account;
			sourceTree = "<group>";
		};
		3F865D041EF763D5008AC682 /* Model */ = {
			isa = PBXGroup;
			children = (
			);
			path = Model;
			sourceTree = "<group>";
		};
		3F865D051EF763D5008AC682 /* View */ = {
			isa = PBXGroup;
			children = (
			);
			path = View;
			sourceTree = "<group>";
		};
		3F865D061EF763D5008AC682 /* ViewController */ = {
			isa = PBXGroup;
			children = (
				3F865D201EF76427008AC682 /* STAccountVC.h */,
				3F865D211EF76427008AC682 /* STAccountVC.m */,
			);
			path = ViewController;
			sourceTree = "<group>";
		};
		3F865D071EF763D5008AC682 /* Discovery */ = {
			isa = PBXGroup;
			children = (
				3F865D081EF763D5008AC682 /* Model */,
				3F865D091EF763D5008AC682 /* View */,
				3F865D0A1EF763D5008AC682 /* ViewController */,
			);
			path = Discovery;
			sourceTree = "<group>";
		};
		3F865D081EF763D5008AC682 /* Model */ = {
			isa = PBXGroup;
			children = (
			);
			path = Model;
			sourceTree = "<group>";
		};
		3F865D091EF763D5008AC682 /* View */ = {
			isa = PBXGroup;
			children = (
			);
			path = View;
			sourceTree = "<group>";
		};
		3F865D0A1EF763D5008AC682 /* ViewController */ = {
			isa = PBXGroup;
			children = (
				3F865D1D1EF7641B008AC682 /* STDiscoveryVC.h */,
				3F865D1E1EF7641B008AC682 /* STDiscoveryVC.m */,
			);
			path = ViewController;
			sourceTree = "<group>";
		};
		3F865D231EF764C7008AC682 /* NewFeature */ = {
			isa = PBXGroup;
			children = (
				3F865D241EF764C7008AC682 /* feature_0.jpeg */,
				3F865D251EF764C7008AC682 /* feature_1.jpeg */,
				3F865D261EF764C7008AC682 /* feature_2.jpeg */,
				3F865D271EF764C7008AC682 /* feature_3.jpeg */,
			);
			path = NewFeature;
			sourceTree = "<group>";
		};
		3F865D281EF764C7008AC682 /* TabBarIcon */ = {
			isa = PBXGroup;
			children = (
				3F865D2F1EF764F8008AC682 /* TabBarIcon.xcassets */,
			);
			path = TabBarIcon;
			sourceTree = "<group>";
		};
		3F865D311EF765AC008AC682 /* Message */ = {
			isa = PBXGroup;
			children = (
				3F865D321EF765AC008AC682 /* Model */,
				3F865D331EF765AC008AC682 /* View */,
				3F865D341EF765AC008AC682 /* ViewController */,
			);
			path = Message;
			sourceTree = "<group>";
		};
		3F865D321EF765AC008AC682 /* Model */ = {
			isa = PBXGroup;
			children = (
			);
			path = Model;
			sourceTree = "<group>";
		};
		3F865D331EF765AC008AC682 /* View */ = {
			isa = PBXGroup;
			children = (
			);
			path = View;
			sourceTree = "<group>";
		};
		3F865D341EF765AC008AC682 /* ViewController */ = {
			isa = PBXGroup;
			children = (
				3F865D581EF76876008AC682 /* STMessageVC.h */,
				3F865D591EF76876008AC682 /* STMessageVC.m */,
			);
			path = ViewController;
			sourceTree = "<group>";
		};
		3F865D351EF76640008AC682 /* SignIn&SignUp */ = {
			isa = PBXGroup;
			children = (
				3F865D391EF7674E008AC682 /* Feature */,
				3F865D3F1EF7674E008AC682 /* RetrievePassword */,
				3F865D451EF7674E008AC682 /* SignIn */,
				3F865D4D1EF7674E008AC682 /* SignUp */,
			);
			path = "SignIn&SignUp";
			sourceTree = "<group>";
		};
		3F865D391EF7674E008AC682 /* Feature */ = {
			isa = PBXGroup;
			children = (
				3F865D3A1EF7674E008AC682 /* Model */,
				3F865D3B1EF7674E008AC682 /* View */,
				3F865D3E1EF7674E008AC682 /* ViewModel */,
			);
			path = Feature;
			sourceTree = "<group>";
		};
		3F865D3A1EF7674E008AC682 /* Model */ = {
			isa = PBXGroup;
			children = (
			);
			path = Model;
			sourceTree = "<group>";
		};
		3F865D3B1EF7674E008AC682 /* View */ = {
			isa = PBXGroup;
			children = (
				3F865D3C1EF7674E008AC682 /* RBFeatureView.h */,
				3F865D3D1EF7674E008AC682 /* RBFeatureView.m */,
			);
			path = View;
			sourceTree = "<group>";
		};
		3F865D3E1EF7674E008AC682 /* ViewModel */ = {
			isa = PBXGroup;
			children = (
			);
			path = ViewModel;
			sourceTree = "<group>";
		};
		3F865D3F1EF7674E008AC682 /* RetrievePassword */ = {
			isa = PBXGroup;
			children = (
				3F865D401EF7674E008AC682 /* Model */,
				3F865D411EF7674E008AC682 /* View */,
				3F865D421EF7674E008AC682 /* ViewController */,
			);
			path = RetrievePassword;
			sourceTree = "<group>";
		};
		3F865D401EF7674E008AC682 /* Model */ = {
			isa = PBXGroup;
			children = (
			);
			path = Model;
			sourceTree = "<group>";
		};
		3F865D411EF7674E008AC682 /* View */ = {
			isa = PBXGroup;
			children = (
			);
			path = View;
			sourceTree = "<group>";
		};
		3F865D421EF7674E008AC682 /* ViewController */ = {
			isa = PBXGroup;
			children = (
				3F865D431EF7674E008AC682 /* RBRetrievePasswordVC.h */,
				3F865D441EF7674E008AC682 /* RBRetrievePasswordVC.m */,
			);
			path = ViewController;
			sourceTree = "<group>";
		};
		3F865D451EF7674E008AC682 /* SignIn */ = {
			isa = PBXGroup;
			children = (
				3F865D461EF7674E008AC682 /* Model */,
				3F865D471EF7674E008AC682 /* View */,
				3F865D4A1EF7674E008AC682 /* ViewController */,
			);
			path = SignIn;
			sourceTree = "<group>";
		};
		3F865D461EF7674E008AC682 /* Model */ = {
			isa = PBXGroup;
			children = (
			);
			path = Model;
			sourceTree = "<group>";
		};
		3F865D471EF7674E008AC682 /* View */ = {
			isa = PBXGroup;
			children = (
				3F865D481EF7674E008AC682 /* RBTextView.h */,
				3F865D491EF7674E008AC682 /* RBTextView.m */,
			);
			path = View;
			sourceTree = "<group>";
		};
		3F865D4A1EF7674E008AC682 /* ViewController */ = {
			isa = PBXGroup;
			children = (
				3F865D4B1EF7674E008AC682 /* RBSignInVC.h */,
				3F865D4C1EF7674E008AC682 /* RBSignInVC.m */,
			);
			path = ViewController;
			sourceTree = "<group>";
		};
		3F865D4D1EF7674E008AC682 /* SignUp */ = {
			isa = PBXGroup;
			children = (
				3F865D4E1EF7674E008AC682 /* Model */,
				3F865D4F1EF7674E008AC682 /* View */,
				3F865D501EF7674E008AC682 /* ViewController */,
			);
			path = SignUp;
			sourceTree = "<group>";
		};
		3F865D4E1EF7674E008AC682 /* Model */ = {
			isa = PBXGroup;
			children = (
			);
			path = Model;
			sourceTree = "<group>";
		};
		3F865D4F1EF7674E008AC682 /* View */ = {
			isa = PBXGroup;
			children = (
			);
			path = View;
			sourceTree = "<group>";
		};
		3F865D501EF7674E008AC682 /* ViewController */ = {
			isa = PBXGroup;
			children = (
				3F865D511EF7674E008AC682 /* RBSignUpVC.h */,
				3F865D521EF7674E008AC682 /* RBSignUpVC.m */,
			);
			path = ViewController;
			sourceTree = "<group>";
		};
		3F865D5B1EF79CD8008AC682 /* MusicPlayer */ = {
			isa = PBXGroup;
			children = (
				3F865D5C1EF79CD8008AC682 /* Model */,
				3F865D5D1EF79CD8008AC682 /* View */,
				3F865D5E1EF79CD8008AC682 /* ViewController */,
			);
			path = MusicPlayer;
			sourceTree = "<group>";
		};
		3F865D5C1EF79CD8008AC682 /* Model */ = {
			isa = PBXGroup;
			children = (
			);
			path = Model;
			sourceTree = "<group>";
		};
		3F865D5D1EF79CD8008AC682 /* View */ = {
			isa = PBXGroup;
			children = (
				3F865D641EF7AA48008AC682 /* RBSlider.h */,
				3F865D651EF7AA48008AC682 /* RBSlider.m */,
			);
			path = View;
			sourceTree = "<group>";
		};
		3F865D5E1EF79CD8008AC682 /* ViewController */ = {
			isa = PBXGroup;
			children = (
				3F865D5F1EF79D1D008AC682 /* STMusicPlayerVC.h */,
				3F865D601EF79D1D008AC682 /* STMusicPlayerVC.m */,
			);
			path = ViewController;
			sourceTree = "<group>";
		};
		AFAE6B2D72DCD20B844CB631 /* Pods */ = {
			isa = PBXGroup;
			children = (
				2E7F7A7D879E7F302B122B6A /* Pods-STMusicPlayer.debug.xcconfig */,
				40C2D06553225219A0A71294 /* Pods-STMusicPlayer.release.xcconfig */,
			);
			name = Pods;
			sourceTree = "<group>";
		};
/* End PBXGroup section */

/* Begin PBXNativeTarget section */
		3F72D5B51EF271AC00EA725C /* STMusicPlayer */ = {
			isa = PBXNativeTarget;
			buildConfigurationList = 3F72D5E31EF271AD00EA725C /* Build configuration list for PBXNativeTarget "STMusicPlayer" */;
			buildPhases = (
				A73ADE227E4BE3EB72019B36 /* [CP] Check Pods Manifest.lock */,
				3F72D5B21EF271AC00EA725C /* Sources */,
				3F72D5B31EF271AC00EA725C /* Frameworks */,
				3F72D5B41EF271AC00EA725C /* Resources */,
				9073E35A547C3E906D151611 /* [CP] Embed Pods Frameworks */,
				ED7DF8E25E7388862B705881 /* [CP] Copy Pods Resources */,
			);
			buildRules = (
			);
			dependencies = (
			);
			name = STMusicPlayer;
			productName = STMusicPlayer;
			productReference = 3F72D5B61EF271AC00EA725C /* STMusicPlayer.app */;
			productType = "com.apple.product-type.application";
		};
		3F72D5CE1EF271AD00EA725C /* STMusicPlayerTests */ = {
			isa = PBXNativeTarget;
			buildConfigurationList = 3F72D5E61EF271AD00EA725C /* Build configuration list for PBXNativeTarget "STMusicPlayerTests" */;
			buildPhases = (
				3F72D5CB1EF271AD00EA725C /* Sources */,
				3F72D5CC1EF271AD00EA725C /* Frameworks */,
				3F72D5CD1EF271AD00EA725C /* Resources */,
			);
			buildRules = (
			);
			dependencies = (
				3F72D5D11EF271AD00EA725C /* PBXTargetDependency */,
			);
			name = STMusicPlayerTests;
			productName = STMusicPlayerTests;
			productReference = 3F72D5CF1EF271AD00EA725C /* STMusicPlayerTests.xctest */;
			productType = "com.apple.product-type.bundle.unit-test";
		};
		3F72D5D91EF271AD00EA725C /* STMusicPlayerUITests */ = {
			isa = PBXNativeTarget;
			buildConfigurationList = 3F72D5E91EF271AD00EA725C /* Build configuration list for PBXNativeTarget "STMusicPlayerUITests" */;
			buildPhases = (
				3F72D5D61EF271AD00EA725C /* Sources */,
				3F72D5D71EF271AD00EA725C /* Frameworks */,
				3F72D5D81EF271AD00EA725C /* Resources */,
			);
			buildRules = (
			);
			dependencies = (
				3F72D5DC1EF271AD00EA725C /* PBXTargetDependency */,
			);
			name = STMusicPlayerUITests;
			productName = STMusicPlayerUITests;
			productReference = 3F72D5DA1EF271AD00EA725C /* STMusicPlayerUITests.xctest */;
			productType = "com.apple.product-type.bundle.ui-testing";
		};
/* End PBXNativeTarget section */

/* Begin PBXProject section */
		3F72D5AE1EF271AC00EA725C /* Project object */ = {
			isa = PBXProject;
			attributes = {
				LastUpgradeCheck = 0830;
				ORGANIZATIONNAME = SummerMeMeTea;
				TargetAttributes = {
					3F72D5B51EF271AC00EA725C = {
						CreatedOnToolsVersion = 8.3.3;
						ProvisioningStyle = Automatic;
					};
					3F72D5CE1EF271AD00EA725C = {
						CreatedOnToolsVersion = 8.3.3;
						ProvisioningStyle = Automatic;
						TestTargetID = 3F72D5B51EF271AC00EA725C;
					};
					3F72D5D91EF271AD00EA725C = {
						CreatedOnToolsVersion = 8.3.3;
						ProvisioningStyle = Automatic;
						TestTargetID = 3F72D5B51EF271AC00EA725C;
					};
				};
			};
			buildConfigurationList = 3F72D5B11EF271AC00EA725C /* Build configuration list for PBXProject "STMusicPlayer" */;
			compatibilityVersion = "Xcode 3.2";
			developmentRegion = English;
			hasScannedForEncodings = 0;
			knownRegions = (
				en,
				Base,
			);
			mainGroup = 3F72D5AD1EF271AC00EA725C;
			productRefGroup = 3F72D5B71EF271AC00EA725C /* Products */;
			projectDirPath = "";
			projectRoot = "";
			targets = (
				3F72D5B51EF271AC00EA725C /* STMusicPlayer */,
				3F72D5CE1EF271AD00EA725C /* STMusicPlayerTests */,
				3F72D5D91EF271AD00EA725C /* STMusicPlayerUITests */,
			);
		};
/* End PBXProject section */

/* Begin PBXResourcesBuildPhase section */
		3F72D5B41EF271AC00EA725C /* Resources */ = {
			isa = PBXResourcesBuildPhase;
			buildActionMask = 2147483647;
			files = (
				3F72D5C91EF271AD00EA725C /* LaunchScreen.storyboard in Resources */,
				3F72D5C61EF271AD00EA725C /* Assets.xcassets in Resources */,
				3F865D2C1EF764C7008AC682 /* feature_3.jpeg in Resources */,
				3F865D2A1EF764C7008AC682 /* feature_1.jpeg in Resources */,
				3F865D291EF764C7008AC682 /* feature_0.jpeg in Resources */,
				3F865D301EF764F8008AC682 /* TabBarIcon.xcassets in Resources */,
				3F865D2B1EF764C7008AC682 /* feature_2.jpeg in Resources */,
			);
			runOnlyForDeploymentPostprocessing = 0;
		};
		3F72D5CD1EF271AD00EA725C /* Resources */ = {
			isa = PBXResourcesBuildPhase;
			buildActionMask = 2147483647;
			files = (
			);
			runOnlyForDeploymentPostprocessing = 0;
		};
		3F72D5D81EF271AD00EA725C /* Resources */ = {
			isa = PBXResourcesBuildPhase;
			buildActionMask = 2147483647;
			files = (
			);
			runOnlyForDeploymentPostprocessing = 0;
		};
/* End PBXResourcesBuildPhase section */

/* Begin PBXShellScriptBuildPhase section */
		9073E35A547C3E906D151611 /* [CP] Embed Pods Frameworks */ = {
			isa = PBXShellScriptBuildPhase;
			buildActionMask = 2147483647;
			files = (
			);
			inputPaths = (
			);
			name = "[CP] Embed Pods Frameworks";
			outputPaths = (
			);
			runOnlyForDeploymentPostprocessing = 0;
			shellPath = /bin/sh;
			shellScript = "\"${SRCROOT}/Pods/Target Support Files/Pods-STMusicPlayer/Pods-STMusicPlayer-frameworks.sh\"\n";
			showEnvVarsInLog = 0;
		};
		A73ADE227E4BE3EB72019B36 /* [CP] Check Pods Manifest.lock */ = {
			isa = PBXShellScriptBuildPhase;
			buildActionMask = 2147483647;
			files = (
			);
			inputPaths = (
			);
			name = "[CP] Check Pods Manifest.lock";
			outputPaths = (
			);
			runOnlyForDeploymentPostprocessing = 0;
			shellPath = /bin/sh;
			shellScript = "diff \"${PODS_PODFILE_DIR_PATH}/Podfile.lock\" \"${PODS_ROOT}/Manifest.lock\" > /dev/null\nif [ $? != 0 ] ; then\n    # print error to STDERR\n    echo \"error: The sandbox is not in sync with the Podfile.lock. Run 'pod install' or update your CocoaPods installation.\" >&2\n    exit 1\nfi\n";
			showEnvVarsInLog = 0;
		};
		ED7DF8E25E7388862B705881 /* [CP] Copy Pods Resources */ = {
			isa = PBXShellScriptBuildPhase;
			buildActionMask = 2147483647;
			files = (
			);
			inputPaths = (
			);
			name = "[CP] Copy Pods Resources";
			outputPaths = (
			);
			runOnlyForDeploymentPostprocessing = 0;
			shellPath = /bin/sh;
			shellScript = "\"${SRCROOT}/Pods/Target Support Files/Pods-STMusicPlayer/Pods-STMusicPlayer-resources.sh\"\n";
			showEnvVarsInLog = 0;
		};
/* End PBXShellScriptBuildPhase section */

/* Begin PBXSourcesBuildPhase section */
		3F72D5B21EF271AC00EA725C /* Sources */ = {
			isa = PBXSourcesBuildPhase;
			buildActionMask = 2147483647;
			files = (
				3F865CEE1EF76248008AC682 /* UIView+RBAdd.m in Sources */,
				3F865D221EF76427008AC682 /* STAccountVC.m in Sources */,
				3F865CF61EF76248008AC682 /* RBPersistence.m in Sources */,
				3F865CEF1EF76248008AC682 /* RBAppDelegateHelper.m in Sources */,
				3F865D561EF7674E008AC682 /* RBSignInVC.m in Sources */,
				3F865CF71EF76248008AC682 /* RBBinder.m in Sources */,
				3F865D571EF7674E008AC682 /* RBSignUpVC.m in Sources */,
				3F865CF51EF76248008AC682 /* RBGroupModel.m in Sources */,
				3F865CED1EF76248008AC682 /* UINavigationController+RBHideBottomBar.m in Sources */,
				3F865D541EF7674E008AC682 /* RBRetrievePasswordVC.m in Sources */,
				3F865CF01EF76248008AC682 /* RBKeyConfig.m in Sources */,
				3F865CFA1EF76248008AC682 /* RBTabBarController.m in Sources */,
				3F865CF81EF76248008AC682 /* RBTabBarButton.m in Sources */,
				3F865CF31EF76248008AC682 /* RBDefine.m in Sources */,
				3F865D611EF79D1D008AC682 /* STMusicPlayerVC.m in Sources */,
				1CF25ACB1EF2A783003102F9 /* AppDelegate.m in Sources */,
				3F72D5BB1EF271AC00EA725C /* main.m in Sources */,
				3F865CEB1EF76248008AC682 /* NSObject+RBAddVar.m in Sources */,
				3F865D1F1EF7641B008AC682 /* STDiscoveryVC.m in Sources */,
				3F865CEC1EF76248008AC682 /* UIImage+RBAdd.m in Sources */,
				3F865D661EF7AA48008AC682 /* RBSlider.m in Sources */,
				3F865D531EF7674E008AC682 /* RBFeatureView.m in Sources */,
				3F865D551EF7674E008AC682 /* RBTextView.m in Sources */,
				3F865CF41EF76248008AC682 /* RBCellModel.m in Sources */,
				3F865D5A1EF76876008AC682 /* STMessageVC.m in Sources */,
				3F865CF91EF76248008AC682 /* RBTimerButton.m in Sources */,
				3F865CF11EF76248008AC682 /* RBSignInManager.m in Sources */,
				3F865CF21EF76248008AC682 /* RBThemeConfig.m in Sources */,
			);
			runOnlyForDeploymentPostprocessing = 0;
		};
		3F72D5CB1EF271AD00EA725C /* Sources */ = {
			isa = PBXSourcesBuildPhase;
			buildActionMask = 2147483647;
			files = (
				3F72D5D41EF271AD00EA725C /* STMusicPlayerTests.m in Sources */,
			);
			runOnlyForDeploymentPostprocessing = 0;
		};
		3F72D5D61EF271AD00EA725C /* Sources */ = {
			isa = PBXSourcesBuildPhase;
			buildActionMask = 2147483647;
			files = (
				3F72D5DF1EF271AD00EA725C /* STMusicPlayerUITests.m in Sources */,
			);
			runOnlyForDeploymentPostprocessing = 0;
		};
/* End PBXSourcesBuildPhase section */

/* Begin PBXTargetDependency section */
		3F72D5D11EF271AD00EA725C /* PBXTargetDependency */ = {
			isa = PBXTargetDependency;
			target = 3F72D5B51EF271AC00EA725C /* STMusicPlayer */;
			targetProxy = 3F72D5D01EF271AD00EA725C /* PBXContainerItemProxy */;
		};
		3F72D5DC1EF271AD00EA725C /* PBXTargetDependency */ = {
			isa = PBXTargetDependency;
			target = 3F72D5B51EF271AC00EA725C /* STMusicPlayer */;
			targetProxy = 3F72D5DB1EF271AD00EA725C /* PBXContainerItemProxy */;
		};
/* End PBXTargetDependency section */

/* Begin PBXVariantGroup section */
		3F72D5C71EF271AD00EA725C /* LaunchScreen.storyboard */ = {
			isa = PBXVariantGroup;
			children = (
				3F72D5C81EF271AD00EA725C /* Base */,
			);
			name = LaunchScreen.storyboard;
			sourceTree = "<group>";
		};
/* End PBXVariantGroup section */

/* Begin XCBuildConfiguration section */
		3F72D5E11EF271AD00EA725C /* Debug */ = {
			isa = XCBuildConfiguration;
			buildSettings = {
				ALWAYS_SEARCH_USER_PATHS = NO;
				CLANG_ANALYZER_NONNULL = YES;
				CLANG_ANALYZER_NUMBER_OBJECT_CONVERSION = YES_AGGRESSIVE;
				CLANG_CXX_LANGUAGE_STANDARD = "gnu++0x";
				CLANG_CXX_LIBRARY = "libc++";
				CLANG_ENABLE_MODULES = YES;
				CLANG_ENABLE_OBJC_ARC = YES;
				CLANG_WARN_BOOL_CONVERSION = YES;
				CLANG_WARN_CONSTANT_CONVERSION = YES;
				CLANG_WARN_DIRECT_OBJC_ISA_USAGE = YES_ERROR;
				CLANG_WARN_DOCUMENTATION_COMMENTS = YES;
				CLANG_WARN_EMPTY_BODY = YES;
				CLANG_WARN_ENUM_CONVERSION = YES;
				CLANG_WARN_INFINITE_RECURSION = YES;
				CLANG_WARN_INT_CONVERSION = YES;
				CLANG_WARN_OBJC_ROOT_CLASS = YES_ERROR;
				CLANG_WARN_SUSPICIOUS_MOVE = YES;
				CLANG_WARN_UNREACHABLE_CODE = YES;
				CLANG_WARN__DUPLICATE_METHOD_MATCH = YES;
				"CODE_SIGN_IDENTITY[sdk=iphoneos*]" = "iPhone Developer";
				COPY_PHASE_STRIP = NO;
				DEBUG_INFORMATION_FORMAT = dwarf;
				ENABLE_STRICT_OBJC_MSGSEND = YES;
				ENABLE_TESTABILITY = YES;
				GCC_C_LANGUAGE_STANDARD = gnu99;
				GCC_DYNAMIC_NO_PIC = NO;
				GCC_NO_COMMON_BLOCKS = YES;
				GCC_OPTIMIZATION_LEVEL = 0;
				GCC_PREPROCESSOR_DEFINITIONS = (
					"DEBUG=1",
					"$(inherited)",
				);
				GCC_WARN_64_TO_32_BIT_CONVERSION = YES;
				GCC_WARN_ABOUT_RETURN_TYPE = YES_ERROR;
				GCC_WARN_UNDECLARED_SELECTOR = YES;
				GCC_WARN_UNINITIALIZED_AUTOS = YES_AGGRESSIVE;
				GCC_WARN_UNUSED_FUNCTION = YES;
				GCC_WARN_UNUSED_VARIABLE = YES;
				IPHONEOS_DEPLOYMENT_TARGET = 10.3;
				MTL_ENABLE_DEBUG_INFO = YES;
				ONLY_ACTIVE_ARCH = YES;
				SDKROOT = iphoneos;
			};
			name = Debug;
		};
		3F72D5E21EF271AD00EA725C /* Release */ = {
			isa = XCBuildConfiguration;
			buildSettings = {
				ALWAYS_SEARCH_USER_PATHS = NO;
				CLANG_ANALYZER_NONNULL = YES;
				CLANG_ANALYZER_NUMBER_OBJECT_CONVERSION = YES_AGGRESSIVE;
				CLANG_CXX_LANGUAGE_STANDARD = "gnu++0x";
				CLANG_CXX_LIBRARY = "libc++";
				CLANG_ENABLE_MODULES = YES;
				CLANG_ENABLE_OBJC_ARC = YES;
				CLANG_WARN_BOOL_CONVERSION = YES;
				CLANG_WARN_CONSTANT_CONVERSION = YES;
				CLANG_WARN_DIRECT_OBJC_ISA_USAGE = YES_ERROR;
				CLANG_WARN_DOCUMENTATION_COMMENTS = YES;
				CLANG_WARN_EMPTY_BODY = YES;
				CLANG_WARN_ENUM_CONVERSION = YES;
				CLANG_WARN_INFINITE_RECURSION = YES;
				CLANG_WARN_INT_CONVERSION = YES;
				CLANG_WARN_OBJC_ROOT_CLASS = YES_ERROR;
				CLANG_WARN_SUSPICIOUS_MOVE = YES;
				CLANG_WARN_UNREACHABLE_CODE = YES;
				CLANG_WARN__DUPLICATE_METHOD_MATCH = YES;
				"CODE_SIGN_IDENTITY[sdk=iphoneos*]" = "iPhone Developer";
				COPY_PHASE_STRIP = NO;
				DEBUG_INFORMATION_FORMAT = "dwarf-with-dsym";
				ENABLE_NS_ASSERTIONS = NO;
				ENABLE_STRICT_OBJC_MSGSEND = YES;
				GCC_C_LANGUAGE_STANDARD = gnu99;
				GCC_NO_COMMON_BLOCKS = YES;
				GCC_WARN_64_TO_32_BIT_CONVERSION = YES;
				GCC_WARN_ABOUT_RETURN_TYPE = YES_ERROR;
				GCC_WARN_UNDECLARED_SELECTOR = YES;
				GCC_WARN_UNINITIALIZED_AUTOS = YES_AGGRESSIVE;
				GCC_WARN_UNUSED_FUNCTION = YES;
				GCC_WARN_UNUSED_VARIABLE = YES;
				IPHONEOS_DEPLOYMENT_TARGET = 10.3;
				MTL_ENABLE_DEBUG_INFO = NO;
				SDKROOT = iphoneos;
				VALIDATE_PRODUCT = YES;
			};
			name = Release;
		};
		3F72D5E41EF271AD00EA725C /* Debug */ = {
			isa = XCBuildConfiguration;
			baseConfigurationReference = 2E7F7A7D879E7F302B122B6A /* Pods-STMusicPlayer.debug.xcconfig */;
			buildSettings = {
				ASSETCATALOG_COMPILER_APPICON_NAME = AppIcon;
				INFOPLIST_FILE = STMusicPlayer/Info.plist;
				IPHONEOS_DEPLOYMENT_TARGET = 8.0;
				LD_RUNPATH_SEARCH_PATHS = "$(inherited) @executable_path/Frameworks";
				PRODUCT_BUNDLE_IDENTIFIER = ST.STMusicPlayer;
				PRODUCT_NAME = "$(TARGET_NAME)";
			};
			name = Debug;
		};
		3F72D5E51EF271AD00EA725C /* Release */ = {
			isa = XCBuildConfiguration;
			baseConfigurationReference = 40C2D06553225219A0A71294 /* Pods-STMusicPlayer.release.xcconfig */;
			buildSettings = {
				ASSETCATALOG_COMPILER_APPICON_NAME = AppIcon;
				INFOPLIST_FILE = STMusicPlayer/Info.plist;
				IPHONEOS_DEPLOYMENT_TARGET = 8.0;
				LD_RUNPATH_SEARCH_PATHS = "$(inherited) @executable_path/Frameworks";
				PRODUCT_BUNDLE_IDENTIFIER = ST.STMusicPlayer;
				PRODUCT_NAME = "$(TARGET_NAME)";
			};
			name = Release;
		};
		3F72D5E71EF271AD00EA725C /* Debug */ = {
			isa = XCBuildConfiguration;
			buildSettings = {
				BUNDLE_LOADER = "$(TEST_HOST)";
				INFOPLIST_FILE = STMusicPlayerTests/Info.plist;
				LD_RUNPATH_SEARCH_PATHS = "$(inherited) @executable_path/Frameworks @loader_path/Frameworks";
				PRODUCT_BUNDLE_IDENTIFIER = ST.STMusicPlayerTests;
				PRODUCT_NAME = "$(TARGET_NAME)";
				TEST_HOST = "$(BUILT_PRODUCTS_DIR)/STMusicPlayer.app/STMusicPlayer";
			};
			name = Debug;
		};
		3F72D5E81EF271AD00EA725C /* Release */ = {
			isa = XCBuildConfiguration;
			buildSettings = {
				BUNDLE_LOADER = "$(TEST_HOST)";
				INFOPLIST_FILE = STMusicPlayerTests/Info.plist;
				LD_RUNPATH_SEARCH_PATHS = "$(inherited) @executable_path/Frameworks @loader_path/Frameworks";
				PRODUCT_BUNDLE_IDENTIFIER = ST.STMusicPlayerTests;
				PRODUCT_NAME = "$(TARGET_NAME)";
				TEST_HOST = "$(BUILT_PRODUCTS_DIR)/STMusicPlayer.app/STMusicPlayer";
			};
			name = Release;
		};
		3F72D5EA1EF271AD00EA725C /* Debug */ = {
			isa = XCBuildConfiguration;
			buildSettings = {
				INFOPLIST_FILE = STMusicPlayerUITests/Info.plist;
				LD_RUNPATH_SEARCH_PATHS = "$(inherited) @executable_path/Frameworks @loader_path/Frameworks";
				PRODUCT_BUNDLE_IDENTIFIER = ST.STMusicPlayerUITests;
				PRODUCT_NAME = "$(TARGET_NAME)";
				TEST_TARGET_NAME = STMusicPlayer;
			};
			name = Debug;
		};
		3F72D5EB1EF271AD00EA725C /* Release */ = {
			isa = XCBuildConfiguration;
			buildSettings = {
				INFOPLIST_FILE = STMusicPlayerUITests/Info.plist;
				LD_RUNPATH_SEARCH_PATHS = "$(inherited) @executable_path/Frameworks @loader_path/Frameworks";
				PRODUCT_BUNDLE_IDENTIFIER = ST.STMusicPlayerUITests;
				PRODUCT_NAME = "$(TARGET_NAME)";
				TEST_TARGET_NAME = STMusicPlayer;
			};
			name = Release;
		};
/* End XCBuildConfiguration section */

/* Begin XCConfigurationList section */
		3F72D5B11EF271AC00EA725C /* Build configuration list for PBXProject "STMusicPlayer" */ = {
			isa = XCConfigurationList;
			buildConfigurations = (
				3F72D5E11EF271AD00EA725C /* Debug */,
				3F72D5E21EF271AD00EA725C /* Release */,
			);
			defaultConfigurationIsVisible = 0;
			defaultConfigurationName = Release;
		};
		3F72D5E31EF271AD00EA725C /* Build configuration list for PBXNativeTarget "STMusicPlayer" */ = {
			isa = XCConfigurationList;
			buildConfigurations = (
				3F72D5E41EF271AD00EA725C /* Debug */,
				3F72D5E51EF271AD00EA725C /* Release */,
			);
			defaultConfigurationIsVisible = 0;
			defaultConfigurationName = Release;
		};
		3F72D5E61EF271AD00EA725C /* Build configuration list for PBXNativeTarget "STMusicPlayerTests" */ = {
			isa = XCConfigurationList;
			buildConfigurations = (
				3F72D5E71EF271AD00EA725C /* Debug */,
				3F72D5E81EF271AD00EA725C /* Release */,
			);
			defaultConfigurationIsVisible = 0;
			defaultConfigurationName = Release;
		};
		3F72D5E91EF271AD00EA725C /* Build configuration list for PBXNativeTarget "STMusicPlayerUITests" */ = {
			isa = XCConfigurationList;
			buildConfigurations = (
				3F72D5EA1EF271AD00EA725C /* Debug */,
				3F72D5EB1EF271AD00EA725C /* Release */,
			);
			defaultConfigurationIsVisible = 0;
			defaultConfigurationName = Release;
		};
/* End XCConfigurationList section */
	};
	rootObject = 3F72D5AE1EF271AC00EA725C /* Project object */;
}
